
Microsoft Visual Studio Solution File, Format Version 12.00
# Visual Studio 14
VisualStudioVersion = 14.0.24720.0
MinimumVisualStudioVersion = 10.0.40219.1
Project("{FAE04EC0-301F-11D3-BF4B-00C04F79EFBC}") = "QlikSenseEpic2015", "QlikSenseEpic2015\QlikSenseEpic2015.csproj", "{4565CA08-7603-4076-A6D4-DD8F0B5F469C}"
EndProject
Global
	GlobalSection(SolutionConfigurationPlatforms) = preSolution
		Debug|Any CPU = Debug|Any CPU
		Release|Any CPU = Release|Any CPU
	EndGlobalSection
	GlobalSection(ProjectConfigurationPlatforms) = postSolution
		{4565CA08-7603-4076-A6D4-DD8F0B5F469C}.Debug|Any CPU.ActiveCfg = Debug|Any CPU
		{4565CA08-7603-4076-A6D4-DD8F0B5F469C}.Debug|Any CPU.Build.0 = Debug|Any CPU
		{4565CA08-7603-4076-A6D4-DD8F0B5F469C}.Release|Any CPU.ActiveCfg = Release|Any CPU
		{4565CA08-7603-4076-A6D4-DD8F0B5F469C}.Release|Any CPU.Build.0 = Release|Any CPU
	EndGlobalSection
	GlobalSection(SolutionProperties) = preSolution
		HideSolutionNode = FALSE
	EndGlobalSection
EndGlobal
